{
  "name": "sirinam-test",
  "version": "1.0.0",
  "lockfileVersion": 1,
  "requires": true,
  "dependencies": {
    "@m.qasim077/sirinam": {
      "version": "1.0.1",
      "resolved": "https://registry.npmjs.org/@m.qasim077/sirinam/-/sirinam-1.0.1.tgz",
      "integrity": "sha512-AEFoN2Ykiu/trlqVki5onUfHNAkg3ciap8LR09R03bcLXLJ0Cvwfb5KpDdVBxFcJouVFo51nsLUBZO3cyPnzjg==",
      "requires": {
        "@types/node": "^16.3.3"
      },
      "dependencies": {
        "@types/node": {
          "version": "16.11.19",
          "resolved": "https://registry.npmjs.org/@types/node/-/node-16.11.19.tgz",
          "integrity": "sha512-BPAcfDPoHlRQNKktbsbnpACGdypPFBuX4xQlsWDE7B8XXcfII+SpOLay3/qZmCLb39kV5S1RTYwXdkx2lwLYng=="
        }
      }
    },
    "@types/node": {
      "version": "17.0.8",
      "resolved": "https://registry.npmjs.org/@types/node/-/node-17.0.8.tgz",
      "integrity": "sha512-YofkM6fGv4gDJq78g4j0mMuGMkZVxZDgtU0JRdx6FgiJDG+0fY0GKVolOV8WqVmEhLCXkQRjwDdKyPxJp/uucg==",
      "dev": true
    }
  }
}
