{
  "name": "test-ayesha-package",
  "version": "1.0.0",
  "lockfileVersion": 1,
  "requires": true,
  "dependencies": {
    "@ayeshamasood/ayesha-pname": {
      "version": "1.0.1",
      "resolved": "https://registry.npmjs.org/@ayeshamasood/ayesha-pname/-/ayesha-pname-1.0.1.tgz",
      "integrity": "sha512-vgLd70SaZiszh41R34KLn58nZz+upiZIMOqdalhnPGeiOpy9bhH3A1yebdPiG+puQPue0GCylfvsnIrDINhTDw==",
      "requires": {
        "@types/node": "^17.0.7"
      }
    },
    "@types/node": {
      "version": "17.0.8",
      "resolved": "https://registry.npmjs.org/@types/node/-/node-17.0.8.tgz",
      "integrity": "sha512-YofkM6fGv4gDJq78g4j0mMuGMkZVxZDgtU0JRdx6FgiJDG+0fY0GKVolOV8WqVmEhLCXkQRjwDdKyPxJp/uucg=="
    }
  }
}
